cloud.google.com/go v0.26.0/go.mod h1:aQUYkXzVsufM+DwF1aE+0xfcU+56JwCaLick0ClmMTw=
github.com/AndreasBriese/bbloom v0.0.0-20180913140656-343706a395b7/go.mod h1:bOvUY6CB00SOBii9/FifXqc0awNKxLFCL/+pkDPuyl8=
github.com/AndreasBriese/bbloom v0.0.0-20190306092124-e2d15f34fcf9 h1:HD8gA2tkByhMAwYaFAX9w2l7vxvBQ5NMoxDrkhqhtn4=
github.com/AndreasBriese/bbloom v0.0.0-20190306092124-e2d15f34fcf9/go.mod h1:bOvUY6CB00SOBii9/FifXqc0awNKxLFCL/+pkDPuyl8=
github.com/BurntSushi/toml v0.3.1 h1:WXkYYl6Yr3qBf1K79EBnL4mak0OimBfB0XUf9Vl28OQ=
github.com/BurntSushi/toml v0.3.1/go.mod h1:xHWCNGjB5oqiDr8zfno3MHue2Ht5sIBksp03qcyfWMU=
github.com/ChainSafe/log15 v1.0.0 h1:vRDVtWtVwIH5uSCBvgTTZh6FA58UBJ6+QiiypaZfBf8=
github.com/ChainSafe/log15 v1.0.0/go.mod h1:5v1+ALHtdW0NfAeeoYyKmzCAMcAeqkdhIg4uxXWIgOg=
github.com/Kubuxu/go-os-helper v0.0.1/go.mod h1:N8B+I7vPCT80IcP58r50u4+gEEcsZETFUpAzWW2ep1Y=
github.com/OneOfOne/xxhash v1.2.5 h1:zl/OfRA6nftbBK9qTohYBJ5xvw6C/oNKizR7cZGl3cI=
github.com/OneOfOne/xxhash v1.2.5/go.mod h1:eZbhyaAYD41SGSSsnmcpxVoRiQ/MPUTjUdIIOT9Um7Q=
github.com/aead/siphash v1.0.1/go.mod h1:Nywa3cDsYNNK3gaciGTWPwHt0wlpNV15vwmswBAUSII=
github.com/armon/consul-api v0.0.0-20180202201655-eb2c6b5be1b6/go.mod h1:grANhF5doyWs3UAsr3K4I6qtAmlQcZDesFNEHPZAzj8=
github.com/btcsuite/btcd v0.0.0-20190213025234-306aecffea32/go.mod h1:DrZx5ec/dmnfpw9KyYoQyYo7d0KEvTkk/5M/vbZjAr8=
github.com/btcsuite/btcd v0.0.0-20190523000118-16327141da8c/go.mod h1:3J08xEfcugPacsc34/LKRU2yO7YmuT8yt28J8k2+rrI=
github.com/btcsuite/btcd v0.0.0-20190605094302-a0d1e3e36d50 h1:4i3KsuVA0o0KoBxAC5x+MY7RbteiMK1V7gf/G08NGIQ=
github.com/btcsuite/btcd v0.0.0-20190605094302-a0d1e3e36d50/go.mod h1:3J08xEfcugPacsc34/LKRU2yO7YmuT8yt28J8k2+rrI=
github.com/btcsuite/btclog v0.0.0-20170628155309-84c8d2346e9f/go.mod h1:TdznJufoqS23FtqVCzL0ZqgP5MqXbb4fg/WgDys70nA=
github.com/btcsuite/btcutil v0.0.0-20190207003914-4c204d697803/go.mod h1:+5NJ2+qvTyV9exUAL/rxXi3DcLg2Ts+ymUAY5y4NvMg=
github.com/btcsuite/btcutil v0.0.0-20190425235716-9e5f4b9a998d/go.mod h1:+5NJ2+qvTyV9exUAL/rxXi3DcLg2Ts+ymUAY5y4NvMg=
github.com/btcsuite/go-socks v0.0.0-20170105172521-4720035b7bfd/go.mod h1:HHNXQzUsZCxOoE+CPiyCTO6x34Zs86zZUiwtpXoGdtg=
github.com/btcsuite/goleveldb v0.0.0-20160330041536-7834afc9e8cd/go.mod h1:F+uVaaLLH7j4eDXPRvw78tMflu7Ie2bzYOH4Y8rRKBY=
github.com/btcsuite/snappy-go v0.0.0-20151229074030-0bdef8d06723/go.mod h1:8woku9dyThutzjeg+3xrA5iCpBRH8XEEg3lh6TiUghc=
github.com/btcsuite/websocket v0.0.0-20150119174127-31079b680792/go.mod h1:ghJtEyQwv5/p4Mg4C0fgbePVuGr935/5ddU9Z3TmDRY=
github.com/btcsuite/winsvc v1.0.0/go.mod h1:jsenWakMcC0zFBFurPLEAyrnc/teJEM1O46fmI40EZs=
github.com/client9/misspell v0.3.4/go.mod h1:qj6jICC3Q7zFZvVWo7KLAzC3yx5G7kyvSDkc90ppPyw=
github.com/coreos/etcd v3.3.10+incompatible/go.mod h1:uF7uidLiAD3TWHmW31ZFd/JWoc32PjwdhPthX9715RE=
github.com/coreos/go-etcd v2.0.0+incompatible/go.mod h1:Jez6KQU2B/sWsbdaef3ED8NzMklzPG4d5KIOhIy30Tk=
github.com/coreos/go-semver v0.2.0/go.mod h1:nnelYz7RCh+5ahJtPPxZlU+153eP4D4r3EedlOD2RNk=
github.com/coreos/go-semver v0.3.0 h1:wkHLiw0WNATZnSG7epLsujiMCgPAc9xhjJ4tgnAxmfM=
github.com/coreos/go-semver v0.3.0/go.mod h1:nnelYz7RCh+5ahJtPPxZlU+153eP4D4r3EedlOD2RNk=
github.com/cpuguy83/go-md2man v1.0.10/go.mod h1:SmD6nW6nTyfqj6ABTjUi3V3JVMnlJmwcJI5acqYI6dE=
github.com/davecgh/go-spew v0.0.0-20171005155431-ecdeabc65495/go.mod h1:J7Y8YcW2NihsgmVo/mv3lAwl/skON4iLHjSsI+c5H38=
github.com/davecgh/go-spew v1.1.0/go.mod h1:J7Y8YcW2NihsgmVo/mv3lAwl/skON4iLHjSsI+c5H38=
github.com/davecgh/go-spew v1.1.1 h1:vj9j/u1bqnvCEfJOwUhtlOARqs3+rkHYY13jYWTU97c=
github.com/davecgh/go-spew v1.1.1/go.mod h1:J7Y8YcW2NihsgmVo/mv3lAwl/skON4iLHjSsI+c5H38=
github.com/dgraph-io/badger v1.5.5-0.20190226225317-8115aed38f8f/go.mod h1:VZxzAIRPHRVNRKRo6AXrX9BJegn6il06VMTZVJYCIjQ=
github.com/dgraph-io/badger v1.6.0-rc1 h1:JphPpoBZJ3WHha133BGYlQqltSGIhV+VsEID0++nN9A=
github.com/dgraph-io/badger v1.6.0-rc1/go.mod h1:zwt7syl517jmP8s94KqSxTlM6IMsdhYy6psNgSztDR4=
github.com/dgraph-io/badger/v2 v2.0.0-20190620211019-41d170b5158f/go.mod h1:jUaIjOV835xZ/mCLG/8P/38ZxiT4bG/K1khDNZJxuwU=
github.com/dgryski/go-farm v0.0.0-20180109070241-2de33835d102/go.mod h1:SqUrOPUnsFjfmXRMNPybcSiG0BgUW2AuFH8PAnS2iTw=
github.com/dgryski/go-farm v0.0.0-20190104051053-3adb47b1fb0f/go.mod h1:SqUrOPUnsFjfmXRMNPybcSiG0BgUW2AuFH8PAnS2iTw=
github.com/dgryski/go-farm v0.0.0-20190423205320-6a90982ecee2 h1:tdlZCpZ/P9DhczCTSixgIKmwPv6+wP5DGjqLYw5SUiA=
github.com/dgryski/go-farm v0.0.0-20190423205320-6a90982ecee2/go.mod h1:SqUrOPUnsFjfmXRMNPybcSiG0BgUW2AuFH8PAnS2iTw=
github.com/disiqueira/gotree v1.0.0 h1:en5wk87n7/Jyk6gVME3cx3xN9KmUCstJ1IjHr4Se4To=
github.com/disiqueira/gotree v1.0.0/go.mod h1:7CwL+VWsWAU95DovkdRZAtA7YbtHwGk+tLV/kNi8niU=
github.com/dustin/go-humanize v1.0.0 h1:VSnTsYCnlFHaM2/igO1h6X3HA71jcobQuxemgkq4zYo=
github.com/dustin/go-humanize v1.0.0/go.mod h1:HtrtbFcZ19U5GC7JDqmcUSB87Iq5E25KnS6fMYU6eOk=
github.com/filecoin-project/go-leb128 v0.0.0-20190212224330-8d79a5489543 h1:aMJGfgqe1QDhAVwxRg5fjCRF533xHidiKsugk7Vvzug=
github.com/filecoin-project/go-leb128 v0.0.0-20190212224330-8d79a5489543/go.mod h1:mjrHv1cDGJWDlGmC0eDc1E5VJr8DmL9XMUcaFwiuKg8=
github.com/fsnotify/fsnotify v1.4.7 h1:IXs+QLmnXW2CcXuY+8Mzv/fWEsPGWxqefPtCP5CnV9I=
github.com/fsnotify/fsnotify v1.4.7/go.mod h1:jwhsz4b93w/PPRr/qN1Yymfu8t87LnFCMoQvtojpjFo=
github.com/go-check/check v0.0.0-20180628173108-788fd7840127 h1:0gkP6mzaMqkmpcJYCFOLkIBwI7xFExG03bbkOkCvUPI=
github.com/go-check/check v0.0.0-20180628173108-788fd7840127/go.mod h1:9ES+weclKsC9YodN5RgxqK/VD9HM9JsCSh7rNhMZE98=
github.com/go-stack/stack v1.8.0 h1:5SgMzNM5HxrEjV0ww2lTmX6E2Izsfxas4+YHWRs3Lsk=
github.com/go-stack/stack v1.8.0/go.mod h1:v0f6uXyyMGvRgIKkXu+yp6POWl0qKG85gN/melR3HDY=
github.com/gogo/protobuf v1.2.1 h1:/s5zKNz0uPFCZ5hddgPdo2TK2TVrUNMn0OOX8/aZMTE=
github.com/gogo/protobuf v1.2.1/go.mod h1:hp+jE20tsWTFYpLwKvXlhS1hjn+gTNwPg2I6zVXpSg4=
github.com/gogo/protobuf v1.3.0 h1:G8O7TerXerS4F6sx9OV7/nRfJdnXgHZu/S/7F2SN+UE=
github.com/gogo/protobuf v1.3.0/go.mod h1:SlYgWuQ5SjCEi6WLHjHCa1yvBfUnHcTbrrZtXPKa29o=
github.com/golang/glog v0.0.0-20160126235308-23def4e6c14b/go.mod h1:SBH7ygxi8pfUlaOkMMuAQtPIUF8ecWP5IEl/CR7VP2Q=
github.com/golang/groupcache v0.0.0-20190702054246-869f871628b6 h1:ZgQEtGgCBiWRM39fZuwSd1LwSqqSW0hOdXCYYDX0R3I=
github.com/golang/groupcache v0.0.0-20190702054246-869f871628b6/go.mod h1:cIg4eruTrX1D+g88fzRXU5OdNfaM+9IcxsU14FzY7Hc=
github.com/golang/mock v1.1.1/go.mod h1:oTYuIxOrZwtPieC+H1uAHpcLFnEyAGVDL/k47Jfbm0A=
github.com/golang/protobuf v1.2.0/go.mod h1:6lQm79b+lXiMfvg/cZm0SGofjICqVBUtrP5yJMmIC1U=
github.com/golang/protobuf v1.3.0/go.mod h1:Qd/q+1AKNOZr9uGQzbzCmRO6sUih6GTPZv6a1/R87v0=
github.com/golang/protobuf v1.3.1 h1:YF8+flBXS5eO826T4nzqPrxfhQThhXl0YzfuUPu4SBg=
github.com/golang/protobuf v1.3.1/go.mod h1:6lQm79b+lXiMfvg/cZm0SGofjICqVBUtrP5yJMmIC1U=
github.com/golang/protobuf v1.3.2 h1:6nsPYzhq5kReh6QImI3k5qWzO4PEbvbIW2cwSfR/6xs=
github.com/golang/protobuf v1.3.2/go.mod h1:6lQm79b+lXiMfvg/cZm0SGofjICqVBUtrP5yJMmIC1U=
github.com/golang/snappy v0.0.0-20180518054509-2e65f85255db h1:woRePGFeVFfLKN/pOkfl+p/TAqKOfFu+7KPlMVpok/w=
github.com/golang/snappy v0.0.0-20180518054509-2e65f85255db/go.mod h1:/XxbfmMg8lxefKM7IXC3fBNl/7bRcc72aCRzEWrmP2Q=
github.com/google/go-cmp v0.2.0 h1:+dTQ8DZQJz0Mb/HjFlkptS1FeQ4cWSnN941F8aEG4SQ=
github.com/google/go-cmp v0.2.0/go.mod h1:oXzfMopK8JAjlY9xF4vHSVASa0yLyX7SntLO5aqRK0M=
github.com/google/go-cmp v0.3.0/go.mod h1:8QqcDgzrUqlUb/G2PQTWiueGozuR1884gddMywk6iLU=
github.com/google/go-cmp v0.3.1 h1:Xye71clBPdm5HgqGwUkwhbynsUJZhDbS20FvLhQ2izg=
github.com/google/go-cmp v0.3.1/go.mod h1:8QqcDgzrUqlUb/G2PQTWiueGozuR1884gddMywk6iLU=
github.com/google/uuid v1.1.1 h1:Gkbcsh/GbpXz7lPftLA3P6TYMwjCLYm83jiFQZF/3gY=
github.com/google/uuid v1.1.1/go.mod h1:TIyPZe4MgqvfeYDBFedMoGGpEw/LqOeaOT+nhxU+yHo=
github.com/gorilla/websocket v1.4.0 h1:WDFjx/TMzVgy9VdMMQi2K2Emtwi2QcUQsztZ/zLaH/Q=
github.com/gorilla/websocket v1.4.0/go.mod h1:E7qHFY5m1UJ88s3WnNqhKjPHQ0heANvMoAMk2YaljkQ=
github.com/gorilla/websocket v1.4.1 h1:q7AeDBpnBk8AogcD4DSag/Ukw/KV+YhzLj2bP5HvKCM=
github.com/gorilla/websocket v1.4.1/go.mod h1:YR8l580nyteQvAITg2hZ9XVh4b55+EU/adAjf1fMHhE=
github.com/gxed/hashland/keccakpg v0.0.1/go.mod h1:kRzw3HkwxFU1mpmPP8v1WyQzwdGfmKFJ6tItnhQ67kU=
github.com/gxed/hashland/murmur3 v0.0.1/go.mod h1:KjXop02n4/ckmZSnY2+HKcLud/tcmvhST0bie/0lS48=
github.com/hashicorp/golang-lru v0.5.0/go.mod h1:/m3WP610KZHVQ1SGc6re/UDhFvYD7pJ4Ao+sR/qLZy8=
github.com/hashicorp/golang-lru v0.5.1 h1:0hERBMJE1eitiLkihrMvRVBYAkpHzc/J3QdDN+dAcgU=
github.com/hashicorp/golang-lru v0.5.1/go.mod h1:/m3WP610KZHVQ1SGc6re/UDhFvYD7pJ4Ao+sR/qLZy8=
github.com/hashicorp/golang-lru v0.5.3 h1:YPkqC67at8FYaadspW/6uE0COsBxS2656RLEr8Bppgk=
github.com/hashicorp/golang-lru v0.5.3/go.mod h1:iADmTwqILo4mZ8BN3D2Q6+9jd8WM5uGBxy+E8yxSoD4=
github.com/hashicorp/hcl v1.0.0 h1:0Anlzjpi4vEasTeNFn2mLJgTSwt0+6sfsiTG8qcWGx4=
github.com/hashicorp/hcl v1.0.0/go.mod h1:E5yfLk+7swimpb2L/Alb/PJmXilQ/rhwaUYs4T20WEQ=
github.com/hpcloud/tail v1.0.0 h1:nfCOvKYfkgYP8hkirhJocXT2+zOD8yUNjXaWfTlyFKI=
github.com/hpcloud/tail v1.0.0/go.mod h1:ab1qPbhIpdTxEkNHXyeSf5vhxWSCs/tWer42PpOxQnU=
github.com/huin/goupnp v1.0.0 h1:wg75sLpL6DZqwHQN6E1Cfk6mtfzS45z8OV+ic+DtHRo=
github.com/huin/goupnp v1.0.0/go.mod h1:n9v9KO1tAxYH82qOn+UTIFQDmx5n1Zxd/ClZDMX7Bnc=
github.com/huin/goutil v0.0.0-20170803182201-1ca381bf3150/go.mod h1:PpLOETDnJ0o3iZrZfqZzyLl6l7F3c6L1oWn7OICBi6o=
github.com/inconshreveable/mousetrap v1.0.0/go.mod h1:PxqpIevigyE2G7u3NXJIT2ANytuPF1OarO4DADm73n8=
github.com/ipfs/go-cid v0.0.1/go.mod h1:GHWU/WuQdMPmIosc4Yn1bcCT7dSeX4lBafM7iqUPQvM=
github.com/ipfs/go-cid v0.0.2 h1:tuuKaZPU1M6HcejsO3AcYWW8sZ8MTvyxfc4uqB4eFE8=
github.com/ipfs/go-cid v0.0.2/go.mod h1:GHWU/WuQdMPmIosc4Yn1bcCT7dSeX4lBafM7iqUPQvM=
github.com/ipfs/go-datastore v0.0.1/go.mod h1:d4KVXhMt913cLBEI/PXAy6ko+W7e9AhyAKBGh803qeE=
github.com/ipfs/go-datastore v0.0.5 h1:q3OfiOZV5rlsK1H5V8benjeUApRfMGs4Mrhmr6NriQo=
github.com/ipfs/go-datastore v0.0.5/go.mod h1:d4KVXhMt913cLBEI/PXAy6ko+W7e9AhyAKBGh803qeE=
github.com/ipfs/go-detect-race v0.0.1 h1:qX/xay2W3E4Q1U7d9lNs1sU9nvguX0a7319XbyQ6cOk=
github.com/ipfs/go-detect-race v0.0.1/go.mod h1:8BNT7shDZPo99Q74BpGMK+4D8Mn4j46UU0LZ723meps=
github.com/ipfs/go-ds-badger v0.0.2/go.mod h1:Y3QpeSFWQf6MopLTiZD+VT6IC1yZqaGmjvRcKeSGij8=
github.com/ipfs/go-ds-badger v0.0.4/go.mod h1:UIu++7eal30eVc+njb9LyGgBoJ3F+Y5cBpvD/dwn5VQ=
github.com/ipfs/go-ds-leveldb v0.0.1/go.mod h1:feO8V3kubwsEF22n0YRQCffeb79OOYIykR4L04tMOYc=
github.com/ipfs/go-ipfs-delay v0.0.0-20181109222059-70721b86a9a8/go.mod h1:8SP1YXK1M1kXuc4KJZINY3TQQ03J2rwBG9QfXmbRPrw=
github.com/ipfs/go-ipfs-util v0.0.1 h1:Wz9bL2wB2YBJqggkA4dD7oSmqB4cAnpNbGrlHJulv50=
github.com/ipfs/go-ipfs-util v0.0.1/go.mod h1:spsl5z8KUnrve+73pOhSVZND1SIxPW5RyBCNzQxlJBc=
github.com/ipfs/go-log v0.0.1 h1:9XTUN/rW64BCG1YhPK9Hoy3q8nr4gOmHHBpgFdfw6Lc=
github.com/ipfs/go-log v0.0.1/go.mod h1:kL1d2/hzSpI0thNYjiKfjanbVNU+IIGA/WnNESY9leM=
github.com/ipfs/go-todocounter v0.0.1 h1:kITWA5ZcQZfrUnDNkRn04Xzh0YFaDFXsoO2A81Eb6Lw=
github.com/ipfs/go-todocounter v0.0.1/go.mod h1:l5aErvQc8qKE2r7NDMjmq5UNAvuZy0rC8BHOplkWvZ4=
github.com/jackpal/gateway v1.0.5 h1:qzXWUJfuMdlLMtt0a3Dgt+xkWQiA5itDEITVJtuSwMc=
github.com/jackpal/gateway v1.0.5/go.mod h1:lTpwd4ACLXmpyiCTRtfiNyVnUmqT9RivzCDQetPfnjA=
github.com/jackpal/go-nat-pmp v1.0.1 h1:i0LektDkO1QlrTm/cSuP+PyBCDnYvjPLGl4LdWEMiaA=
github.com/jackpal/go-nat-pmp v1.0.1/go.mod h1:QPH045xvCAeXUZOxsnwmrtiCoxIr9eob+4orBN1SBKc=
github.com/jbenet/go-cienv v0.0.0-20150120210510-1bb1476777ec/go.mod h1:rGaEvXB4uRSZMmzKNLoXvTu1sfx+1kv/DojUlPrSZGs=
github.com/jbenet/go-cienv v0.1.0 h1:Vc/s0QbQtoxX8MwwSLWWh+xNNZvM3Lw7NsTcHrvvhMc=
github.com/jbenet/go-cienv v0.1.0/go.mod h1:TqNnHUmJgXau0nCzC7kXWeotg3J9W34CUv5Djy1+FlA=
github.com/jbenet/go-temp-err-catcher v0.0.0-20150120210811-aac704a3f4f2 h1:vhC1OXXiT9R2pczegwz6moDvuRpggaroAXhPIseh57A=
github.com/jbenet/go-temp-err-catcher v0.0.0-20150120210811-aac704a3f4f2/go.mod h1:8GXXJV31xl8whumTzdZsTt3RnUIiPqzkyf7mxToRCMs=
github.com/jbenet/goprocess v0.0.0-20160826012719-b497e2f366b8/go.mod h1:Ly/wlsjFq/qrU3Rar62tu1gASgGw6chQbSh/XgIIXCY=
github.com/jbenet/goprocess v0.1.3 h1:YKyIEECS/XvcfHtBzxtjBBbWK+MbvA6dG8ASiqwvr10=
github.com/jbenet/goprocess v0.1.3/go.mod h1:5yspPrukOVuOLORacaBi858NqyClJPQxYZlqdZVfqY4=
github.com/jessevdk/go-flags v0.0.0-20141203071132-1679536dcc89/go.mod h1:4FA24M0QyGHXBuZZK/XkWh8h0e1EYbRYJSGM75WSRxI=
github.com/jrick/logrotate v1.0.0/go.mod h1:LNinyqDIJnpAur+b8yyulnQw/wDuN1+BYKlTRt3OuAQ=
github.com/kisielk/errcheck v1.1.0/go.mod h1:EZBBE59ingxPouuu3KfxchcWSUPOHkagtvWXihfKN4Q=
github.com/kisielk/errcheck v1.2.0/go.mod h1:/BMXB+zMLi60iA8Vv6Ksmxu/1UDYcXs4uQLJ+jE2L00=
github.com/kisielk/gotool v1.0.0 h1:AV2c/EiW3KqPNT9ZKl07ehoAGi4C5/01Cfbblndcapg=
github.com/kisielk/gotool v1.0.0/go.mod h1:XhKaO+MFFWcvkIS/tQcRk01m1F5IRFswLeQ+oQHNcck=
github.com/kkdai/bstream v0.0.0-20161212061736-f391b8402d23/go.mod h1:J+Gs4SYgM6CZQHDETBtE9HaSEkGmuNXF86RwHhHUvq4=
github.com/koron/go-ssdp v0.0.0-20180514024734-4a0ed625a78b h1:wxtKgYHEncAU00muMD06dzLiahtGM1eouRNOzVV7tdQ=
github.com/koron/go-ssdp v0.0.0-20180514024734-4a0ed625a78b/go.mod h1:5Ky9EC2xfoUKUor0Hjgi2BJhCSXJfMOFlmyYrVKGQMk=
github.com/kr/pretty v0.1.0 h1:L/CwN0zerZDmRFUapSPitk6f+Q3+0za1rQkzVuMiMFI=
github.com/kr/pretty v0.1.0/go.mod h1:dAy3ld7l9f0ibDNOQOHHMYYIIbhfbHSm3C4ZsoJORNo=
github.com/kr/pty v1.1.1/go.mod h1:pFQYn66WHrOpPYNljwOMqo10TkYh1fy3cYio2l3bCsQ=
github.com/kr/text v0.1.0 h1:45sCR5RtlFHMR4UwH9sdQ5TC8v0qDQCHnXt+kaKSTVE=
github.com/kr/text v0.1.0/go.mod h1:4Jbv+DJW3UT/LiOwJeYQe1efqtUx/iVham/4vfdArNI=
github.com/kylelemons/godebug v1.1.0 h1:RPNrshWIDI6G2gRW9EHilWtl7Z6Sb1BR0xunSBf0SNc=
github.com/kylelemons/godebug v1.1.0/go.mod h1:9/0rRGxNHcop5bhtWyNeEfOS8JIWk580+fNqagV/RAw=
github.com/libp2p/go-addr-util v0.0.1 h1:TpTQm9cXVRVSKsYbgQ7GKc3KbbHVTnbostgGaDEP+88=
github.com/libp2p/go-addr-util v0.0.1/go.mod h1:4ac6O7n9rIAKB1dnd+s8IbbMXkt+oBpzX4/+RACcnlQ=
github.com/libp2p/go-buffer-pool v0.0.1/go.mod h1:xtyIz9PMobb13WaxR6Zo1Pd1zXJKYg0a8KiIvDp3TzQ=
github.com/libp2p/go-buffer-pool v0.0.2 h1:QNK2iAFa8gjAe1SPz6mHSMuCcjs+X1wlHzeOSqcmlfs=
github.com/libp2p/go-buffer-pool v0.0.2/go.mod h1:MvaB6xw5vOrDl8rYZGLFdKAuk/hRoRZd1Vi32+RXyFM=
github.com/libp2p/go-conn-security-multistream v0.1.0 h1:aqGmto+ttL/uJgX0JtQI0tD21CIEy5eYd1Hlp0juHY0=
github.com/libp2p/go-conn-security-multistream v0.1.0/go.mod h1:aw6eD7LOsHEX7+2hJkDxw1MteijaVcI+/eP2/x3J1xc=
github.com/libp2p/go-eventbus v0.0.2/go.mod h1:Hr/yGlwxA/stuLnpMiu82lpNKpvRy3EaJxPu40XYOwk=
github.com/libp2p/go-eventbus v0.0.3 h1:4sB0NrwnWr6qGeq2RWUp/JG1wNajf6gyILInId72hrw=
github.com/libp2p/go-eventbus v0.0.3/go.mod h1:Hr/yGlwxA/stuLnpMiu82lpNKpvRy3EaJxPu40XYOwk=
github.com/libp2p/go-flow-metrics v0.0.1 h1:0gxuFd2GuK7IIP5pKljLwps6TvcuYgvG7Atqi3INF5s=
github.com/libp2p/go-flow-metrics v0.0.1/go.mod h1:Iv1GH0sG8DtYN3SVJ2eG221wMiNpZxBdp967ls1g+k8=
github.com/libp2p/go-libp2p v0.1.0/go.mod h1:6D/2OBauqLUoqcADOJpn9WbKqvaM07tDw68qHM0BxUM=
github.com/libp2p/go-libp2p v0.2.0 h1:hYJgMZYdcwHzDHKb/nLePrtuSP3LqkGIFOQ2aIbKOCM=
github.com/libp2p/go-libp2p v0.2.0/go.mod h1:5nXHmf4Hs+NmkaMsmWcFJgUHTbYNpCfxr20lwus0p1c=
github.com/libp2p/go-libp2p-autonat v0.1.0 h1:aCWAu43Ri4nU0ZPO7NyLzUvvfqd0nE3dX0R/ZGYVgOU=
github.com/libp2p/go-libp2p-autonat v0.1.0/go.mod h1:1tLf2yXxiE/oKGtDwPYWTSYG3PtvYlJmg7NeVtPRqH8=
github.com/libp2p/go-libp2p-blankhost v0.1.1/go.mod h1:pf2fvdLJPsC1FsVrNP3DUUvMzUts2dsLLBEpo1vW1ro=
github.com/libp2p/go-libp2p-blankhost v0.1.3 h1:0KycuXvPDhmehw0ASsg+s1o3IfXgCUDqfzAl94KEBOg=
github.com/libp2p/go-libp2p-blankhost v0.1.3/go.mod h1:KML1//wiKR8vuuJO0y3LUd1uLv+tlkGTAr3jC0S5cLg=
github.com/libp2p/go-libp2p-circuit v0.1.0 h1:eniLL3Y9aq/sryfyV1IAHj5rlvuyj3b7iz8tSiZpdhY=
github.com/libp2p/go-libp2p-circuit v0.1.0/go.mod h1:Ahq4cY3V9VJcHcn1SBXjr78AbFkZeIRmfunbA7pmFh8=
github.com/libp2p/go-libp2p-core v0.0.1/go.mod h1:g/VxnTZ/1ygHxH3dKok7Vno1VfpvGcGip57wjTU4fco=
github.com/libp2p/go-libp2p-core v0.0.4/go.mod h1:jyuCQP356gzfCFtRKyvAbNkyeuxb7OlyhWZ3nls5d2I=
github.com/libp2p/go-libp2p-core v0.0.6 h1:SsYhfWJ47vLP1Rd9/0hqEm/W/PlFbC/3YLZyLCcvo1w=
github.com/libp2p/go-libp2p-core v0.0.6/go.mod h1:0d9xmaYAVY5qmbp/fcgxHT3ZJsLjYeYPMJAUKpaCHrE=
github.com/libp2p/go-libp2p-crypto v0.1.0 h1:k9MFy+o2zGDNGsaoZl0MA3iZ75qXxr9OOoAZF+sD5OQ=
github.com/libp2p/go-libp2p-crypto v0.1.0/go.mod h1:sPUokVISZiy+nNuTTH/TY+leRSxnFj/2GLjtOTW90hI=
github.com/libp2p/go-libp2p-discovery v0.1.0 h1:j+R6cokKcGbnZLf4kcNwpx6mDEUPF3N6SrqMymQhmvs=
github.com/libp2p/go-libp2p-discovery v0.1.0/go.mod h1:4F/x+aldVHjHDHuX85x1zWoFTGElt8HnoDzwkFZm29g=
github.com/libp2p/go-libp2p-kad-dht v0.1.1 h1:IH6NQuoUv5w5e1O8Jc3KyVDtr0rNd0G9aaADpLI1xVo=
github.com/libp2p/go-libp2p-kad-dht v0.1.1/go.mod h1:1kj2Rk5pX3/0RwqMm9AMNCT7DzcMHYhgDN5VTi+cY0M=
github.com/libp2p/go-libp2p-kbucket v0.2.0 h1:FB2a0VkOTNGTP5gu/I444u4WabNM9V1zCkQcWb7zajI=
github.com/libp2p/go-libp2p-kbucket v0.2.0/go.mod h1:JNymBToym3QXKBMKGy3m29+xprg0EVr/GJFHxFEdgh8=
github.com/libp2p/go-libp2p-loggables v0.1.0 h1:h3w8QFfCt2UJl/0/NW4K829HX/0S4KD31PQ7m8UXXO8=
github.com/libp2p/go-libp2p-loggables v0.1.0/go.mod h1:EyumB2Y6PrYjr55Q3/tiJ/o3xoDasoRYM7nOzEpoa90=
github.com/libp2p/go-libp2p-mplex v0.2.0/go.mod h1:Ejl9IyjvXJ0T9iqUTE1jpYATQ9NM3g+OtR+EMMODbKo=
github.com/libp2p/go-libp2p-mplex v0.2.1 h1:E1xaJBQnbSiTHGI1gaBKmKhu1TUKkErKJnE8iGvirYI=
github.com/libp2p/go-libp2p-mplex v0.2.1/go.mod h1:SC99Rxs8Vuzrf/6WhmH41kNn13TiYdAWNYHrwImKLnE=
github.com/libp2p/go-libp2p-nat v0.0.4 h1:+KXK324yaY701On8a0aGjTnw8467kW3ExKcqW2wwmyw=
github.com/libp2p/go-libp2p-nat v0.0.4/go.mod h1:N9Js/zVtAXqaeT99cXgTV9e75KpnWCvVOiGzlcHmBbY=
github.com/libp2p/go-libp2p-netutil v0.1.0 h1:zscYDNVEcGxyUpMd0JReUZTrpMfia8PmLKcKF72EAMQ=
github.com/libp2p/go-libp2p-netutil v0.1.0/go.mod h1:3Qv/aDqtMLTUyQeundkKsA+YCThNdbQD54k3TqjpbFU=
github.com/libp2p/go-libp2p-peer v0.2.0 h1:EQ8kMjaCUwt/Y5uLgjT8iY2qg0mGUT0N1zUjer50DsY=
github.com/libp2p/go-libp2p-peer v0.2.0/go.mod h1:RCffaCvUyW2CJmG2gAWVqwePwW7JMgxjsHm7+J5kjWY=
github.com/libp2p/go-libp2p-peerstore v0.1.0/go.mod h1:2CeHkQsr8svp4fZ+Oi9ykN1HBb6u0MOvdJ7YIsmcwtY=
github.com/libp2p/go-libp2p-peerstore v0.1.1/go.mod h1:ojEWnwG7JpJLkJ9REWYXQslyu9ZLrPWPEcCdiZzEbSM=
github.com/libp2p/go-libp2p-peerstore v0.1.2-0.20190621130618-cfa9bb890c1a h1:xW2Q7yiWAQnBpxe6m5Y094bYxxBCaoNruxc1sDlVxs0=
github.com/libp2p/go-libp2p-peerstore v0.1.2-0.20190621130618-cfa9bb890c1a/go.mod h1:DAchSrPUuksotuxrqPcvk5jvifXlxC3oH/65iHFmBns=
github.com/libp2p/go-libp2p-record v0.1.0 h1:wHwBGbFzymoIl69BpgwIu0O6ta3TXGcMPvHUAcodzRc=
github.com/libp2p/go-libp2p-record v0.1.0/go.mod h1:ujNc8iuE5dlKWVy6wuL6dd58t0n7xI4hAIl8pE6wu5Q=
github.com/libp2p/go-libp2p-routing v0.1.0 h1:hFnj3WR3E2tOcKaGpyzfP4gvFZ3t8JkQmbapN0Ct+oU=
github.com/libp2p/go-libp2p-routing v0.1.0/go.mod h1:zfLhI1RI8RLEzmEaaPwzonRvXeeSHddONWkcTcB54nE=
github.com/libp2p/go-libp2p-secio v0.1.0 h1:NNP5KLxuP97sE5Bu3iuwOWyT/dKEGMN5zSLMWdB7GTQ=
github.com/libp2p/go-libp2p-secio v0.1.0/go.mod h1:tMJo2w7h3+wN4pgU2LSYeiKPrfqBgkOsdiKK77hE7c8=
github.com/libp2p/go-libp2p-swarm v0.1.0/go.mod h1:wQVsCdjsuZoc730CgOvh5ox6K8evllckjebkdiY5ta4=
github.com/libp2p/go-libp2p-swarm v0.1.1 h1:QW7pjyTRIxt9yyBid52YmMRGtkFXUE/rbEVWsQ0ae+w=
github.com/libp2p/go-libp2p-swarm v0.1.1/go.mod h1:4NVJaLwq/dr5kEq79Jo6pMin7ZFwLx73ln1FTefR91Q=
github.com/libp2p/go-libp2p-testing v0.0.2/go.mod h1:gvchhf3FQOtBdr+eFUABet5a4MBLK8jM3V4Zghvmi+E=
github.com/libp2p/go-libp2p-testing v0.0.3/go.mod h1:gvchhf3FQOtBdr+eFUABet5a4MBLK8jM3V4Zghvmi+E=
github.com/libp2p/go-libp2p-testing v0.0.4 h1:Qev57UR47GcLPXWjrunv5aLIQGO4n9mhI/8/EIrEEFc=
github.com/libp2p/go-libp2p-testing v0.0.4/go.mod h1:gvchhf3FQOtBdr+eFUABet5a4MBLK8jM3V4Zghvmi+E=
github.com/libp2p/go-libp2p-transport-upgrader v0.1.1 h1:PZMS9lhjK9VytzMCW3tWHAXtKXmlURSc3ZdvwEcKCzw=
github.com/libp2p/go-libp2p-transport-upgrader v0.1.1/go.mod h1:IEtA6or8JUbsV07qPW4r01GnTenLW4oi3lOPbUMGJJA=
github.com/libp2p/go-libp2p-yamux v0.2.0/go.mod h1:Db2gU+XfLpm6E4rG5uGCFX6uXA8MEXOxFcRoXUODaK8=
github.com/libp2p/go-libp2p-yamux v0.2.1 h1:Q3XYNiKCC2vIxrvUJL+Jg1kiyeEaIDNKLjgEjo3VQdI=
github.com/libp2p/go-libp2p-yamux v0.2.1/go.mod h1:1FBXiHDk1VyRM1C0aez2bCfHQ4vMZKkAQzZbkSQt5fI=
github.com/libp2p/go-maddr-filter v0.0.4/go.mod h1:6eT12kSQMA9x2pvFQa+xesMKUBlj9VImZbj3B9FBH/Q=
github.com/libp2p/go-maddr-filter v0.0.5 h1:CW3AgbMO6vUvT4kf87y4N+0P8KUl2aqLYhrGyDUbLSg=
github.com/libp2p/go-maddr-filter v0.0.5/go.mod h1:Jk+36PMfIqCJhAnaASRH83bdAvfDRp/w6ENFaC9bG+M=
github.com/libp2p/go-mplex v0.0.3/go.mod h1:pK5yMLmOoBR1pNCqDlA2GQrdAVTMkqFalaTWe7l4Yd0=
github.com/libp2p/go-mplex v0.1.0 h1:/nBTy5+1yRyY82YaO6HXQRnO5IAGsXTjEJaR3LdTPc0=
github.com/libp2p/go-mplex v0.1.0/go.mod h1:SXgmdki2kwCUlCCbfGLEgHjC4pFqhTp0ZoV6aiKgxDU=
github.com/libp2p/go-msgio v0.0.2/go.mod h1:63lBBgOTDKQL6EWazRMCwXsEeEeK9O2Cd+0+6OOuipQ=
github.com/libp2p/go-msgio v0.0.4 h1:agEFehY3zWJFUHK6SEMR7UYmk2z6kC3oeCM7ybLhguA=
github.com/libp2p/go-msgio v0.0.4/go.mod h1:63lBBgOTDKQL6EWazRMCwXsEeEeK9O2Cd+0+6OOuipQ=
github.com/libp2p/go-nat v0.0.3 h1:l6fKV+p0Xa354EqQOQP+d8CivdLM4kl5GxC1hSc/UeI=
github.com/libp2p/go-nat v0.0.3/go.mod h1:88nUEt0k0JD45Bk93NIwDqjlhiOwOoV36GchpcVc1yI=
github.com/libp2p/go-reuseport v0.0.1 h1:7PhkfH73VXfPJYKQ6JwS5I/eVcoyYi9IMNGc6FWpFLw=
github.com/libp2p/go-reuseport v0.0.1/go.mod h1:jn6RmB1ufnQwl0Q1f+YxAj8isJgDCQzaaxIFYDhcYEA=
github.com/libp2p/go-reuseport-transport v0.0.2 h1:WglMwyXyBu61CMkjCCtnmqNqnjib0GIEjMiHTwR/KN4=
github.com/libp2p/go-reuseport-transport v0.0.2/go.mod h1:YkbSDrvjUVDL6b8XqriyA20obEtsW9BLkuOUyQAOCbs=
github.com/libp2p/go-stream-muxer v0.0.1/go.mod h1:bAo8x7YkSpadMTbtTaxGVHWUQsR/l5MEaHbKaliuT14=
github.com/libp2p/go-stream-muxer-multistream v0.2.0 h1:714bRJ4Zy9mdhyTLJ+ZKiROmAFwUHpeRidG+q7LTQOg=
github.com/libp2p/go-stream-muxer-multistream v0.2.0/go.mod h1:j9eyPol/LLRqT+GPLSxvimPhNph4sfYfMoDPd7HkzIc=
github.com/libp2p/go-tcp-transport v0.1.0 h1:IGhowvEqyMFknOar4FWCKSWE0zL36UFKQtiRQD60/8o=
github.com/libp2p/go-tcp-transport v0.1.0/go.mod h1:oJ8I5VXryj493DEJ7OsBieu8fcg2nHGctwtInJVpipc=
github.com/libp2p/go-ws-transport v0.1.0 h1:F+0OvvdmPTDsVc4AjPHjV7L7Pk1B7D5QwtDcKE2oag4=
github.com/libp2p/go-ws-transport v0.1.0/go.mod h1:rjw1MG1LU9YDC6gzmwObkPd/Sqwhw7yT74kj3raBFuo=
github.com/libp2p/go-yamux v1.2.2/go.mod h1:FGTiPvoV/3DVdgWpX+tM0OW3tsM+W5bSE3gZwqQTcow=
github.com/libp2p/go-yamux v1.2.3 h1:xX8A36vpXb59frIzWFdEgptLMsOANMFq2K7fPRlunYI=
github.com/libp2p/go-yamux v1.2.3/go.mod h1:FGTiPvoV/3DVdgWpX+tM0OW3tsM+W5bSE3gZwqQTcow=
github.com/magiconair/properties v1.8.0/go.mod h1:PppfXfuXeibc/6YijjN8zIbojt8czPbwD3XqdrwzmxQ=
github.com/mattn/go-colorable v0.1.1/go.mod h1:FuOcm+DKB9mbwrcAfNl7/TZVBZ6rcnceauSikq3lYCQ=
github.com/mattn/go-colorable v0.1.2 h1:/bC9yWikZXAL9uJdulbSfyVNIR3n3trXl+v8+1sx8mU=
github.com/mattn/go-colorable v0.1.2/go.mod h1:U0ppj6V5qS13XJ6of8GYAs25YV2eR4EVcfRqFIhoBtE=
github.com/mattn/go-isatty v0.0.5/go.mod h1:Iq45c/XA43vh69/j3iqttzPXn0bhXyGjM0Hdxcsrc5s=
github.com/mattn/go-isatty v0.0.8 h1:HLtExJ+uU2HOZ+wI0Tt5DtUDrx8yhUqDcp7fYERX4CE=
github.com/mattn/go-isatty v0.0.8/go.mod h1:Iq45c/XA43vh69/j3iqttzPXn0bhXyGjM0Hdxcsrc5s=
github.com/mattn/go-isatty v0.0.9 h1:d5US/mDsogSGW37IV293h//ZFaeajb69h+EHFsv2xGg=
github.com/mattn/go-isatty v0.0.9/go.mod h1:YNRxwqDuOph6SZLI9vUUz6OYw3QyUt7WiY2yME+cCiQ=
github.com/miekg/dns v1.1.12 h1:WMhc1ik4LNkTg8U9l3hI1LvxKmIL+f1+WV/SZtCbDDA=
github.com/miekg/dns v1.1.12/go.mod h1:W1PPwlIAgtquWBMBEV9nkV9Cazfe8ScdGz/Lj7v3Nrg=
github.com/minio/blake2b-simd v0.0.0-20160723061019-3f5f724cb5b1 h1:lYpkrQH5ajf0OXOcUbGjvZxxijuBwbbmlSxLiuofa+g=
github.com/minio/blake2b-simd v0.0.0-20160723061019-3f5f724cb5b1/go.mod h1:pD8RvIylQ358TN4wwqatJ8rNavkEINozVn9DtGI3dfQ=
github.com/minio/sha256-simd v0.0.0-20190131020904-2d45a736cd16/go.mod h1:2FMWW+8GMoPweT6+pI63m9YE3Lmw4J71hV56Chs1E/U=
github.com/minio/sha256-simd v0.0.0-20190328051042-05b4dd3047e5/go.mod h1:2FMWW+8GMoPweT6+pI63m9YE3Lmw4J71hV56Chs1E/U=
github.com/minio/sha256-simd v0.1.0 h1:U41/2erhAKcmSI14xh/ZTUdBPOzDOIfS93ibzUSl8KM=
github.com/minio/sha256-simd v0.1.0/go.mod h1:2FMWW+8GMoPweT6+pI63m9YE3Lmw4J71hV56Chs1E/U=
github.com/mitchellh/go-homedir v1.1.0 h1:lukF9ziXFxDFPkA1vsr5zpc1XuPDn/wFntq5mG+4E0Y=
github.com/mitchellh/go-homedir v1.1.0/go.mod h1:SfyaCUpYCn1Vlf4IUYiD9fPX4A5wJrkLzIz1N1q0pr0=
github.com/mitchellh/mapstructure v1.1.2 h1:fmNYVwqnSfB9mZU6OS2O6GsXM+wcskZDuKQzvN1EDeE=
github.com/mitchellh/mapstructure v1.1.2/go.mod h1:FVVH3fgwuzCH5S8UJGiWEs2h04kUh9fWfEaFds41c1Y=
github.com/mr-tron/base58 v1.1.0/go.mod h1:xcD2VGqlgYjBdcBLw+TuYLr8afG+Hj8g2eTVqeSzSU8=
github.com/mr-tron/base58 v1.1.1/go.mod h1:xcD2VGqlgYjBdcBLw+TuYLr8afG+Hj8g2eTVqeSzSU8=
github.com/mr-tron/base58 v1.1.2 h1:ZEw4I2EgPKDJ2iEw0cNmLB3ROrEmkOtXIkaG7wZg+78=
github.com/mr-tron/base58 v1.1.2/go.mod h1:BinMc/sQntlIE1frQmRFPUoPA1Zkr8VRgBdjWI2mNwc=
github.com/multiformats/go-base32 v0.0.3 h1:tw5+NhuwaOjJCC5Pp82QuXbrmLzWg7uxlMFp8Nq/kkI=
github.com/multiformats/go-base32 v0.0.3/go.mod h1:pLiuGC8y0QR3Ue4Zug5UzK9LjgbkL8NSQj0zQ5Nz/AA=
github.com/multiformats/go-multiaddr v0.0.1/go.mod h1:xKVEak1K9cS1VdmPZW3LSIb6lgmoS58qz/pzqmAxV44=
github.com/multiformats/go-multiaddr v0.0.2/go.mod h1:xKVEak1K9cS1VdmPZW3LSIb6lgmoS58qz/pzqmAxV44=
github.com/multiformats/go-multiaddr v0.0.4 h1:WgMSI84/eRLdbptXMkMWDXPjPq7SPLIgGUVm2eroyU4=
github.com/multiformats/go-multiaddr v0.0.4/go.mod h1:xKVEak1K9cS1VdmPZW3LSIb6lgmoS58qz/pzqmAxV44=
github.com/multiformats/go-multiaddr-dns v0.0.1/go.mod h1:9kWcqw/Pj6FwxAwW38n/9403szc57zJPs45fmnznu3Q=
github.com/multiformats/go-multiaddr-dns v0.0.2 h1:/Bbsgsy3R6e3jf2qBahzNHzww6usYaZ0NhNH3sqdFS8=
github.com/multiformats/go-multiaddr-dns v0.0.2/go.mod h1:9kWcqw/Pj6FwxAwW38n/9403szc57zJPs45fmnznu3Q=
github.com/multiformats/go-multiaddr-fmt v0.0.1 h1:5YjeOIzbX8OTKVaN72aOzGIYW7PnrZrnkDyOfAWRSMA=
github.com/multiformats/go-multiaddr-fmt v0.0.1/go.mod h1:aBYjqL4T/7j4Qx+R73XSv/8JsgnRFlf0w2KGLCmXl3Q=
github.com/multiformats/go-multiaddr-net v0.0.1 h1:76O59E3FavvHqNg7jvzWzsPSW5JSi/ek0E4eiDVbg9g=
github.com/multiformats/go-multiaddr-net v0.0.1/go.mod h1:nw6HSxNmCIQH27XPGBuX+d1tnvM7ihcFwHMSstNAVUU=
github.com/multiformats/go-multibase v0.0.1 h1:PN9/v21eLywrFWdFNsFKaU04kLJzuYzmrJR+ubhT9qA=
github.com/multiformats/go-multibase v0.0.1/go.mod h1:bja2MqRZ3ggyXtZSEDKpl0uO/gviWFaSteVbWT51qgs=
github.com/multiformats/go-multihash v0.0.1/go.mod h1:w/5tugSrLEbWqlcgJabL3oHFKTwfvkofsjW2Qa1ct4U=
github.com/multiformats/go-multihash v0.0.5 h1:1wxmCvTXAifAepIMyF39vZinRw5sbqjPs/UIi93+uik=
github.com/multiformats/go-multihash v0.0.5/go.mod h1:lt/HCbqlQwlPBz7lv0sQCdtfcMtlJvakRUn/0Ual8po=
github.com/multiformats/go-multistream v0.1.0 h1:UpO6jrsjqs46mqAK3n6wKRYFhugss9ArzbyUzU+4wkQ=
github.com/multiformats/go-multistream v0.1.0/go.mod h1:fJTiDfXJVmItycydCnNx4+wSzZ5NwG2FEVAI30fiovg=
github.com/naoina/go-stringutil v0.1.0 h1:rCUeRUHjBjGTSHl0VC00jUPLz8/F9dDzYI70Hzifhks=
github.com/naoina/go-stringutil v0.1.0/go.mod h1:XJ2SJL9jCtBh+P9q5btrd/Ylo8XwT/h1USek5+NqSA0=
github.com/naoina/toml v0.1.1 h1:PT/lllxVVN0gzzSqSlHEmP8MJB4MY2U7STGxiouV4X8=
github.com/naoina/toml v0.1.1/go.mod h1:NBIhNtsFMo3G2szEBne+bO4gS192HuIYRqfvOWb4i1E=
github.com/onsi/ginkgo v1.6.0/go.mod h1:lLunBs/Ym6LB5Z9jYTR76FiuTmxDTDusOGeTQH+WWjE=
github.com/onsi/ginkgo v1.7.0/go.mod h1:lLunBs/Ym6LB5Z9jYTR76FiuTmxDTDusOGeTQH+WWjE=
github.com/onsi/ginkgo v1.8.0 h1:VkHVNpR4iVnU8XQR6DBm8BqYjN7CRzw+xKUbVVbbW9w=
github.com/onsi/ginkgo v1.8.0/go.mod h1:lLunBs/Ym6LB5Z9jYTR76FiuTmxDTDusOGeTQH+WWjE=
github.com/onsi/ginkgo v1.10.1 h1:q/mM8GF/n0shIN8SaAZ0V+jnLPzen6WIVZdiwrRlMlo=
github.com/onsi/ginkgo v1.10.1/go.mod h1:lLunBs/Ym6LB5Z9jYTR76FiuTmxDTDusOGeTQH+WWjE=
github.com/onsi/gomega v1.4.3/go.mod h1:ex+gbHU/CVuBBDIJjb2X0qEXbFg53c61hWP/1CpauHY=
github.com/onsi/gomega v1.5.0 h1:izbySO9zDPmjJ8rDjLvkA2zJHIo+HkYXHnf7eN7SSyo=
github.com/onsi/gomega v1.5.0/go.mod h1:ex+gbHU/CVuBBDIJjb2X0qEXbFg53c61hWP/1CpauHY=
github.com/onsi/gomega v1.7.0 h1:XPnZz8VVBHjVsy1vzJmRwIcSwiUO+JFfrv/xGiigmME=
github.com/onsi/gomega v1.7.0/go.mod h1:ex+gbHU/CVuBBDIJjb2X0qEXbFg53c61hWP/1CpauHY=
github.com/opentracing/opentracing-go v1.0.2/go.mod h1:UkNAQd3GIcIGf0SeVgPpRdFStlNbqXla1AfSYxPUl2o=
github.com/opentracing/opentracing-go v1.1.0 h1:pWlfV3Bxv7k65HYwkikxat0+s3pV4bsqf19k25Ur8rU=
github.com/opentracing/opentracing-go v1.1.0/go.mod h1:UkNAQd3GIcIGf0SeVgPpRdFStlNbqXla1AfSYxPUl2o=
github.com/pelletier/go-toml v1.2.0/go.mod h1:5z9KED0ma1S8pY6P1sdut58dfprrGBbd/94hg7ilaic=
github.com/pkg/errors v0.8.0/go.mod h1:bwawxfHBFNV+L2hUp1rHADufV3IMtnDRdf1r5NINEl0=
github.com/pkg/errors v0.8.1 h1:iURUrRGxPUNPdy5/HRSm+Yj6okJ6UtLINN0Q9M4+h3I=
github.com/pkg/errors v0.8.1/go.mod h1:bwawxfHBFNV+L2hUp1rHADufV3IMtnDRdf1r5NINEl0=
github.com/pmezard/go-difflib v1.0.0 h1:4DBwDE0NGyQoBHbLQYPwSUPoCMWR5BEzIk/f1lZbAQM=
github.com/pmezard/go-difflib v1.0.0/go.mod h1:iKH77koFhYxTK1pcRnkKkqfTogsbg7gZNVY4sRDYZ/4=
github.com/russross/blackfriday v1.5.2/go.mod h1:JO/DiYxRf+HjHt06OyowR9PTA263kcR/rfWxYHBV53g=
github.com/spacemonkeygo/openssl v0.0.0-20181017203307-c2dcc5cca94a h1:/eS3yfGjQKG+9kayBkj0ip1BGhq6zJ3eaVksphxAaek=
github.com/spacemonkeygo/openssl v0.0.0-20181017203307-c2dcc5cca94a/go.mod h1:7AyxJNCJ7SBZ1MfVQCWD6Uqo2oubI2Eq2y2eqf+A5r0=
github.com/spacemonkeygo/spacelog v0.0.0-20180420211403-2296661a0572 h1:RC6RW7j+1+HkWaX/Yh71Ee5ZHaHYt7ZP4sQgUrm6cDU=
github.com/spacemonkeygo/spacelog v0.0.0-20180420211403-2296661a0572/go.mod h1:w0SWMsp6j9O/dk4/ZpIhL+3CkG8ofA2vuv7k+ltqUMc=
github.com/spaolacci/murmur3 v1.1.0 h1:7c1g84S4BPRrfL5Xrdp6fOJ206sU9y293DDHaoy0bLI=
github.com/spaolacci/murmur3 v1.1.0/go.mod h1:JwIasOWyU6f++ZhiEuf87xNszmSA2myDM2Kzu9HwQUA=
github.com/spf13/afero v1.1.2/go.mod h1:j4pytiNVoe2o6bmDsKpLACNPDBIoEAkihy7loJ1B0CQ=
github.com/spf13/cast v1.3.0 h1:oget//CVOEoFewqQxwr0Ej5yjygnqGkvggSE/gB35Q8=
github.com/spf13/cast v1.3.0/go.mod h1:Qx5cxh0v+4UWYiBimWS+eyWzqEqokIECu5etghLkUJE=
github.com/spf13/cobra v0.0.3/go.mod h1:1l0Ry5zgKvJasoi3XT1TypsSe7PqH0Sj9dhYf7v3XqQ=
github.com/spf13/cobra v0.0.5 h1:f0B+LkLX6DtmRH1isoNA9VTtNUK9K8xYd28JNNfOv/s=
github.com/spf13/cobra v0.0.5/go.mod h1:3K3wKZymM7VvHMDS9+Akkh4K60UwM26emMESw8tLCHU=
github.com/spf13/jwalterweatherman v1.0.0/go.mod h1:cQK4TGJAtQXfYWX+Ddv3mKDzgVb68N+wFjFa4jdeBTo=
github.com/spf13/pflag v1.0.3/go.mod h1:DYY7MBk1bdzusC3SYhjObp+wFpr4gzcvqqNjLnInEg4=
github.com/spf13/viper v1.3.2/go.mod h1:ZiWeW+zYFKm7srdB9IoDzzZXaJaI5eL9QjNiN/DMA2s=
github.com/stretchr/objx v0.1.0/go.mod h1:HFkY916IF+rwdDfMAkV7OtwuqBVzrE8GR6GFx+wExME=
github.com/stretchr/testify v1.2.2/go.mod h1:a8OnRcib4nhh0OaRAV+Yts87kKdq0PP7pXfy6kDkUVs=
github.com/stretchr/testify v1.3.0 h1:TivCn/peBQ7UY8ooIcPgZFpTNSz0Q2U6UrFlUfqbe0Q=
github.com/stretchr/testify v1.3.0/go.mod h1:M5WIy9Dh21IEIfnGCwXGc5bZfKNJtfHm1UVUgZn+9EI=
github.com/stretchr/testify v1.4.0 h1:2E4SXV/wtOkTonXsotYi4li6zVWxYlZuYNCXe9XRJyk=
github.com/stretchr/testify v1.4.0/go.mod h1:j7eGeouHqKxXV5pUuKE4zz7dFj8WfuZ+81PSLYec5m4=
github.com/syndtr/goleveldb v1.0.0 h1:fBdIW9lB4Iz0n9khmH8w27SJ3QEJ7+IgjPEwGSZiFdE=
github.com/syndtr/goleveldb v1.0.0/go.mod h1:ZVVdQEZoIme9iO1Ch2Jdy24qqXrMMOU6lpPAyBWyWuQ=
github.com/ugorji/go/codec v0.0.0-20181204163529-d75b2dcb6bc8/go.mod h1:VFNgLljTbGfSG7qAOspJ7OScBnGdDN/yBr0sguwnwf0=
github.com/urfave/cli v1.20.0 h1:fDqGv3UG/4jbVl/QkFwEdddtEDjh/5Ov6X+0B/3bPaw=
github.com/urfave/cli v1.20.0/go.mod h1:70zkFmudgCuE/ngEzBv17Jvp/497gISqfk5gWijbERA=
github.com/wasmerio/go-ext-wasm v0.0.0-20190716093451-605a12aad995 h1:hH06i5qSlTVs6oVdC3oBUFa5PsNnZM1VkDAz0xvuZxo=
github.com/wasmerio/go-ext-wasm v0.0.0-20190716093451-605a12aad995/go.mod h1:B0C/D0a2vNos7Y3IxQhMpGOY9PCuCKfLvfry33a1cKA=
github.com/whyrusleeping/base32 v0.0.0-20170828182744-c30ac30633cc h1:BCPnHtcboadS0DvysUuJXZ4lWVv5Bh5i7+tbIyi+ck4=
github.com/whyrusleeping/base32 v0.0.0-20170828182744-c30ac30633cc/go.mod h1:r45hJU7yEoA81k6MWNhpMj/kms0n14dkzkxYHoB96UM=
github.com/whyrusleeping/go-keyspace v0.0.0-20160322163242-5b898ac5add1 h1:EKhdznlJHPMoKr0XTrX+IlJs1LH3lyx2nfr1dOlZ79k=
github.com/whyrusleeping/go-keyspace v0.0.0-20160322163242-5b898ac5add1/go.mod h1:8UvriyWtv5Q5EOgjHaSseUEdkQfvwFv1I/In/O2M9gc=
github.com/whyrusleeping/go-logging v0.0.0-20170515211332-0457bb6b88fc h1:9lDbC6Rz4bwmou+oE6Dt4Cb2BGMur5eR/GYptkKUVHo=
github.com/whyrusleeping/go-logging v0.0.0-20170515211332-0457bb6b88fc/go.mod h1:bopw91TMyo8J3tvftk8xmU2kPmlrt4nScJQZU2hE5EM=
github.com/whyrusleeping/go-notifier v0.0.0-20170827234753-097c5d47330f h1:M/lL30eFZTKnomXY6huvM6G0+gVquFNf6mxghaWlFUg=
github.com/whyrusleeping/go-notifier v0.0.0-20170827234753-097c5d47330f/go.mod h1:cZNvX9cFybI01GriPRMXDtczuvUhgbcYr9iCGaNlRv8=
github.com/whyrusleeping/mafmt v1.2.8 h1:TCghSl5kkwEE0j+sU/gudyhVMRlpBin8fMBBHg59EbA=
github.com/whyrusleeping/mafmt v1.2.8/go.mod h1:faQJFPbLSxzD9xpA02ttW/tS9vZykNvXwGvqIpk20FA=
github.com/whyrusleeping/mdns v0.0.0-20180901202407-ef14215e6b30 h1:nMCC9Pwz1pxfC1Y6mYncdk+kq8d5aLx0Q+/gyZGE44M=
github.com/whyrusleeping/mdns v0.0.0-20180901202407-ef14215e6b30/go.mod h1:j4l84WPFclQPj320J9gp0XwNKBb3U0zt5CBqjPp22G4=
github.com/whyrusleeping/multiaddr-filter v0.0.0-20160516205228-e903e4adabd7 h1:E9S12nwJwEOXe2d6gT6qxdvqMnNq+VnSsKPgm2ZZNds=
github.com/whyrusleeping/multiaddr-filter v0.0.0-20160516205228-e903e4adabd7/go.mod h1:X2c0RVCI1eSUFI8eLcY3c0423ykwiUdxLJtkDvruhjI=
github.com/xordataexchange/crypt v0.0.3-0.20170626215501-b2862e3d0a77/go.mod h1:aYKd//L2LvnjZzWKhF00oedf4jCCReLcmhLdhm1A27Q=
go.opencensus.io v0.21.0 h1:mU6zScU4U1YAFPHEHYk+3JC4SY7JxgkqS10ZOSyksNg=
go.opencensus.io v0.21.0/go.mod h1:mSImk1erAIZhrmZN+AvHh14ztQfjbGwt4TtuofqLduU=
go.opencensus.io v0.22.1 h1:8dP3SGL7MPB94crU3bEPplMPe83FI4EouesJUeFHv50=
go.opencensus.io v0.22.1/go.mod h1:Ap50jQcDJrx6rB6VgeeFPtuPIf3wMRvRfrfYDO6+BmA=
golang.org/x/crypto v0.0.0-20170930174604-9419663f5a44/go.mod h1:6SG95UA2DQfeDnfUPMdvaQW0Q7yPrPDi9nlGo2tz2b4=
golang.org/x/crypto v0.0.0-20181203042331-505ab145d0a9/go.mod h1:6SG95UA2DQfeDnfUPMdvaQW0Q7yPrPDi9nlGo2tz2b4=
golang.org/x/crypto v0.0.0-20190211182817-74369b46fc67/go.mod h1:6SG95UA2DQfeDnfUPMdvaQW0Q7yPrPDi9nlGo2tz2b4=
golang.org/x/crypto v0.0.0-20190225124518-7f87c0fbb88b/go.mod h1:6SG95UA2DQfeDnfUPMdvaQW0Q7yPrPDi9nlGo2tz2b4=
golang.org/x/crypto v0.0.0-20190308221718-c2843e01d9a2/go.mod h1:djNgcEr1/C05ACkg1iLfiJU5Ep61QUkGW8qpdssI0+w=
golang.org/x/crypto v0.0.0-20190426145343-a29dc8fdc734/go.mod h1:yigFU9vqHzYiE8UmvKecakEJjdnWj3jj499lnFckfCI=
golang.org/x/crypto v0.0.0-20190513172903-22d7a77e9e5f/go.mod h1:yigFU9vqHzYiE8UmvKecakEJjdnWj3jj499lnFckfCI=
golang.org/x/crypto v0.0.0-20190618222545-ea8f1a30c443 h1:IcSOAf4PyMp3U3XbIEj1/xJ2BjNN2jWv7JoyOsMxXUU=
golang.org/x/crypto v0.0.0-20190618222545-ea8f1a30c443/go.mod h1:yigFU9vqHzYiE8UmvKecakEJjdnWj3jj499lnFckfCI=
golang.org/x/crypto v0.0.0-20190911031432-227b76d455e7 h1:0hQKqeLdqlt5iIwVOBErRisrHJAN57yOiPRQItI20fU=
golang.org/x/crypto v0.0.0-20190911031432-227b76d455e7/go.mod h1:yigFU9vqHzYiE8UmvKecakEJjdnWj3jj499lnFckfCI=
golang.org/x/exp v0.0.0-20190121172915-509febef88a4/go.mod h1:CJ0aWSM057203Lf6IL+f9T1iT9GByDxfZKAQTCR3kQA=
golang.org/x/lint v0.0.0-20181026193005-c67002cb31c3/go.mod h1:UVdnD1Gm6xHRNCYTkRU2/jEulfH38KcIWyp/GAMgvoE=
golang.org/x/lint v0.0.0-20190227174305-5b3e6a55c961/go.mod h1:wehouNa3lNwaWXcvxsM5YxQ5yQlVC4a0KAMCusXpPoU=
golang.org/x/lint v0.0.0-20190313153728-d0100b6bd8b3/go.mod h1:6SW0HCj/g11FgYtHlgUYUwCkIfeOF89ocIRzGO/8vkc=
golang.org/x/net v0.0.0-20180724234803-3673e40ba225/go.mod h1:mL1N/T3taQHkDXs73rZJwtUhF3w3ftmwwsq0BUmARs4=
golang.org/x/net v0.0.0-20180826012351-8a410e7b638d/go.mod h1:mL1N/T3taQHkDXs73rZJwtUhF3w3ftmwwsq0BUmARs4=
golang.org/x/net v0.0.0-20180906233101-161cd47e91fd/go.mod h1:mL1N/T3taQHkDXs73rZJwtUhF3w3ftmwwsq0BUmARs4=
golang.org/x/net v0.0.0-20181011144130-49bb7cea24b1/go.mod h1:mL1N/T3taQHkDXs73rZJwtUhF3w3ftmwwsq0BUmARs4=
golang.org/x/net v0.0.0-20181217023233-e147a9138326/go.mod h1:mL1N/T3taQHkDXs73rZJwtUhF3w3ftmwwsq0BUmARs4=
golang.org/x/net v0.0.0-20190213061140-3a22650c66bd/go.mod h1:mL1N/T3taQHkDXs73rZJwtUhF3w3ftmwwsq0BUmARs4=
golang.org/x/net v0.0.0-20190227160552-c95aed5357e7/go.mod h1:mL1N/T3taQHkDXs73rZJwtUhF3w3ftmwwsq0BUmARs4=
golang.org/x/net v0.0.0-20190311183353-d8887717615a/go.mod h1:t9HGtf8HONx5eT2rtn7q6eTqICYqUVnKs3thJo3Qplg=
golang.org/x/net v0.0.0-20190404232315-eb5bcb51f2a3/go.mod h1:t9HGtf8HONx5eT2rtn7q6eTqICYqUVnKs3thJo3Qplg=
golang.org/x/net v0.0.0-20190620200207-3b0461eec859 h1:R/3boaszxrf1GEUWTVDzSKVwLmSJpwZ1yqXm8j0v2QI=
golang.org/x/net v0.0.0-20190620200207-3b0461eec859/go.mod h1:z5CRVTTTmAJ677TzLLGU+0bjPO0LkuOLi4/5GtJWs/s=
golang.org/x/net v0.0.0-20190916140828-c8589233b77d h1:mCMDWKhNO37A7GAhOpHPbIw1cjd0V86kX1/WA9c7FZ8=
golang.org/x/net v0.0.0-20190916140828-c8589233b77d/go.mod h1:z5CRVTTTmAJ677TzLLGU+0bjPO0LkuOLi4/5GtJWs/s=
golang.org/x/oauth2 v0.0.0-20180821212333-d2e6202438be/go.mod h1:N/0e6XlmueqKjAGxoOufVs8QHGRruUQn6yWY3a++T0U=
golang.org/x/sync v0.0.0-20180314180146-1d60e4601c6f/go.mod h1:RxMgew5VJxzue5/jJTE5uejpjVlOe/izrB70Jof72aM=
golang.org/x/sync v0.0.0-20181108010431-42b317875d0f/go.mod h1:RxMgew5VJxzue5/jJTE5uejpjVlOe/izrB70Jof72aM=
golang.org/x/sync v0.0.0-20190227155943-e225da77a7e6/go.mod h1:RxMgew5VJxzue5/jJTE5uejpjVlOe/izrB70Jof72aM=
golang.org/x/sync v0.0.0-20190423024810-112230192c58 h1:8gQV6CLnAEikrhgkHFbMAEhagSSnXWGV915qUMm9mrU=
golang.org/x/sync v0.0.0-20190423024810-112230192c58/go.mod h1:RxMgew5VJxzue5/jJTE5uejpjVlOe/izrB70Jof72aM=
golang.org/x/sync v0.0.0-20190911185100-cd5d95a43a6e h1:vcxGaoTs7kV8m5Np9uUNQin4BrLOthgV7252N8V+FwY=
golang.org/x/sync v0.0.0-20190911185100-cd5d95a43a6e/go.mod h1:RxMgew5VJxzue5/jJTE5uejpjVlOe/izrB70Jof72aM=
golang.org/x/sys v0.0.0-20180830151530-49385e6e1522/go.mod h1:STP8DvDyc/dI5b8T5hshtkjS+E42TnysNCUPdjciGhY=
golang.org/x/sys v0.0.0-20180909124046-d0be0721c37e/go.mod h1:STP8DvDyc/dI5b8T5hshtkjS+E42TnysNCUPdjciGhY=
golang.org/x/sys v0.0.0-20181205085412-a5c9d58dba9a/go.mod h1:STP8DvDyc/dI5b8T5hshtkjS+E42TnysNCUPdjciGhY=
golang.org/x/sys v0.0.0-20181218192612-074acd46bca6/go.mod h1:STP8DvDyc/dI5b8T5hshtkjS+E42TnysNCUPdjciGhY=
golang.org/x/sys v0.0.0-20190215142949-d0b11bdaac8a/go.mod h1:STP8DvDyc/dI5b8T5hshtkjS+E42TnysNCUPdjciGhY=
golang.org/x/sys v0.0.0-20190219092855-153ac476189d/go.mod h1:STP8DvDyc/dI5b8T5hshtkjS+E42TnysNCUPdjciGhY=
golang.org/x/sys v0.0.0-20190222072716-a9d3bda3a223/go.mod h1:STP8DvDyc/dI5b8T5hshtkjS+E42TnysNCUPdjciGhY=
golang.org/x/sys v0.0.0-20190228124157-a34e9553db1e/go.mod h1:STP8DvDyc/dI5b8T5hshtkjS+E42TnysNCUPdjciGhY=
golang.org/x/sys v0.0.0-20190412213103-97732733099d/go.mod h1:h1NjWce9XRLGQEsW7wpKNCjG9DtNlClVuFLEZdDNbEs=
golang.org/x/sys v0.0.0-20190502145724-3ef323f4f1fd/go.mod h1:h1NjWce9XRLGQEsW7wpKNCjG9DtNlClVuFLEZdDNbEs=
golang.org/x/sys v0.0.0-20190626221950-04f50cda93cb h1:fgwFCsaw9buMuxNd6+DQfAuSFqbNiQZpcgJQAgJsK6k=
golang.org/x/sys v0.0.0-20190626221950-04f50cda93cb/go.mod h1:h1NjWce9XRLGQEsW7wpKNCjG9DtNlClVuFLEZdDNbEs=
golang.org/x/sys v0.0.0-20190813064441-fde4db37ae7a/go.mod h1:h1NjWce9XRLGQEsW7wpKNCjG9DtNlClVuFLEZdDNbEs=
golang.org/x/sys v0.0.0-20190916202348-b4ddaad3f8a3 h1:7TYNF4UdlohbFwpNH04CoPMp1cHUZgO1Ebq5r2hIjfo=
golang.org/x/sys v0.0.0-20190916202348-b4ddaad3f8a3/go.mod h1:h1NjWce9XRLGQEsW7wpKNCjG9DtNlClVuFLEZdDNbEs=
golang.org/x/text v0.3.0/go.mod h1:NqM8EUOU14njkJ3fqMW+pc6Ldnwhi/IjpwHt7yyuwOQ=
golang.org/x/text v0.3.2 h1:tW2bmiBqwgJj/UpqtC8EpXEZVYOwU0yG4iWbprSVAcs=
golang.org/x/text v0.3.2/go.mod h1:bEr9sfX3Q8Zfm5fL9x+3itogRgK3+ptLWKqgva+5dAk=
golang.org/x/tools v0.0.0-20180221164845-07fd8470d635/go.mod h1:n7NCudcB/nEzxVGmLbDWY5pfWTLqBcC2KZ6jyYvM4mQ=
golang.org/x/tools v0.0.0-20180917221912-90fa682c2a6e/go.mod h1:n7NCudcB/nEzxVGmLbDWY5pfWTLqBcC2KZ6jyYvM4mQ=
golang.org/x/tools v0.0.0-20181030221726-6c7e314b6563/go.mod h1:n7NCudcB/nEzxVGmLbDWY5pfWTLqBcC2KZ6jyYvM4mQ=
golang.org/x/tools v0.0.0-20190114222345-bf090417da8b/go.mod h1:n7NCudcB/nEzxVGmLbDWY5pfWTLqBcC2KZ6jyYvM4mQ=
golang.org/x/tools v0.0.0-20190226205152-f727befe758c/go.mod h1:9Yl7xja0Znq3iFh3HoIrodX9oNMXvdceNzlUR8zjMvY=
golang.org/x/tools v0.0.0-20190311212946-11955173bddd/go.mod h1:LCzVGOaR6xXOjkQ3onu1FJEFr0SW1gC7cKk1uF8kGRs=
golang.org/x/xerrors v0.0.0-20190513163551-3ee3066db522 h1:bhOzK9QyoD0ogCnFro1m2mz41+Ib0oOhfJnBp5MR4K4=
golang.org/x/xerrors v0.0.0-20190513163551-3ee3066db522/go.mod h1:I/5z698sn9Ka8TeJc9MKroUUfqBBauWjQqLJ2OPfmY0=
golang.org/x/xerrors v0.0.0-20190717185122-a985d3407aa7 h1:9zdDQZ7Thm29KFXgAX/+yaf3eVbP7djjWp/dXAppNCc=
golang.org/x/xerrors v0.0.0-20190717185122-a985d3407aa7/go.mod h1:I/5z698sn9Ka8TeJc9MKroUUfqBBauWjQqLJ2OPfmY0=
google.golang.org/appengine v1.1.0/go.mod h1:EbEs0AVv82hx2wNQdGPgUI5lhzA/G0D9YwlJXL52JkM=
google.golang.org/appengine v1.4.0/go.mod h1:xpcJRLb0r/rnEns0DIKYYv+WjYCduHsrkT7/EB5XEv4=
google.golang.org/genproto v0.0.0-20180817151627-c66870c02cf8/go.mod h1:JiN7NxoALGmiZfu7CAH4rXhgtRTLTxftemlI0sWmxmc=
google.golang.org/genproto v0.0.0-20180831171423-11092d34479b/go.mod h1:JiN7NxoALGmiZfu7CAH4rXhgtRTLTxftemlI0sWmxmc=
google.golang.org/genproto v0.0.0-20190307195333-5fe7a883aa19/go.mod h1:VzzqZJRnGkLBvHegQrXjBqPurQTc5/KpmUdxsrq26oE=
google.golang.org/genproto v0.0.0-20190425155659-357c62f0e4bb/go.mod h1:VzzqZJRnGkLBvHegQrXjBqPurQTc5/KpmUdxsrq26oE=
google.golang.org/grpc v1.19.0/go.mod h1:mqu4LbDTu4XGKhr4mRzUsmM4RtVoemTSY81AxZiDr8c=
google.golang.org/grpc v1.20.1/go.mod h1:10oTOabMzJvdu6/UiuZezV6QK5dSlG84ov/aaiqXj38=
gopkg.in/check.v1 v0.0.0-20161208181325-20d25e280405/go.mod h1:Co6ibVJAznAaIkqp8huTwlJQCZ016jof/cbN4VW5Yz0=
gopkg.in/check.v1 v1.0.0-20180628173108-788fd7840127 h1:qIbj1fsPNlZgppZ+VLlY7N33q108Sa+fhmuc+sWQYwY=
gopkg.in/check.v1 v1.0.0-20180628173108-788fd7840127/go.mod h1:Co6ibVJAznAaIkqp8huTwlJQCZ016jof/cbN4VW5Yz0=
gopkg.in/check.v1 v1.0.0-20190902080502-41f04d3bba15 h1:YR8cESwS4TdDjEe65xsg0ogRM/Nc3DYOhEAlW+xobZo=
gopkg.in/check.v1 v1.0.0-20190902080502-41f04d3bba15/go.mod h1:Co6ibVJAznAaIkqp8huTwlJQCZ016jof/cbN4VW5Yz0=
gopkg.in/fsnotify.v1 v1.4.7 h1:xOHLXZwVvI9hhs+cLKq5+I5onOuwQLhQwiu63xxlHs4=
gopkg.in/fsnotify.v1 v1.4.7/go.mod h1:Tz8NjZHkW78fSQdbUxIjBTcgA1z1m8ZHf0WmKUhAMys=
gopkg.in/tomb.v1 v1.0.0-20141024135613-dd632973f1e7 h1:uRGJdciOHaEIrze2W8Q3AKkepLTh2hOroT7a+7czfdQ=
gopkg.in/tomb.v1 v1.0.0-20141024135613-dd632973f1e7/go.mod h1:dt/ZhP58zS4L8KSrWDmTeBkI65Dw0HsyUHuEVlX15mw=
gopkg.in/yaml.v2 v2.2.1/go.mod h1:hI93XBmqTisBFMUTm0b8Fm+jr3Dg1NNxqwp+5A1VGuI=
gopkg.in/yaml.v2 v2.2.2 h1:ZCJp+EgiOT7lHqUV2J862kp8Qj64Jo6az82+3Td9dZw=
gopkg.in/yaml.v2 v2.2.2/go.mod h1:hI93XBmqTisBFMUTm0b8Fm+jr3Dg1NNxqwp+5A1VGuI=
honnef.co/go/tools v0.0.0-20190102054323-c2f93a96b099/go.mod h1:rf3lG4BRIbNafJWhAfAdb/ePZxsR/4RtNHQocxwk9r4=