{
    "name": "cmd",
    "version": "1.0.0",
    "lockfileVersion": 1,
    "requires": true,
    "dependencies": {
      "graphql": {
        "version": "0.10.5",
        "resolved": "https://registry.npmjs.org/graphql/-/graphql-0.10.5.tgz",
        "integrity": "sha512-Q7cx22DiLhwHsEfUnUip1Ww/Vfx7FS0w6+iHItNuN61+XpegHSa3k5U0+6M5BcpavQImBwFiy0z3uYwY7cXMLQ==",
        "requires": {
          "iterall": "^1.1.0"
        }
      },
      "graphql-to-json-schema": {
        "version": "1.0.0",
        "resolved": "https://registry.npmjs.org/graphql-to-json-schema/-/graphql-to-json-schema-1.0.0.tgz",
        "integrity": "sha512-BnCzCgVi8hOc9F7bsE7c1B50TJOp7MbyenqLZHneEOydyF3aPPP8HjtpIw/fWIEBnj/qyaAcFZiyCQO9Z8UyzQ==",
        "requires": {
          "graphql": "^0.10.1"
        }
      },
      "iterall": {
        "version": "1.3.0",
        "resolved": "https://registry.npmjs.org/iterall/-/iterall-1.3.0.tgz",
        "integrity": "sha512-QZ9qOMdF+QLHxy1QIpUHUU1D5pS2CG2P69LF6L6CPjPYA/XMOmKV3PZpawHoAjHNyB0swdVTRxdYT4tbBbxqwg=="
      }
    }
  }